// !$*UTF8*$!
{
	archiveVersion = 1;
	classes = {
	};
	objectVersion = 46;
	objects = {

/* Begin PBXBuildFile section */
		C70FE56A164483F200548F09 /* AddHopsViewController.m in Sources */ = {isa = PBXBuildFile; fileRef = C70FE569164483F200548F09 /* AddHopsViewController.m */; };
		C716EC40162E310B0056FB09 /* background_image.png in Resources */ = {isa = PBXBuildFile; fileRef = C716EC3F162E310B0056FB09 /* background_image.png */; };
		C71E264A164DD6FB00573B05 /* hops.jpg in Resources */ = {isa = PBXBuildFile; fileRef = C71E2649164DD6FB00573B05 /* hops.jpg */; };
		C72806F71628CE9500D74727 /* UIKit.framework in Frameworks */ = {isa = PBXBuildFile; fileRef = C72806F61628CE9500D74727 /* UIKit.framework */; };
		C72806F91628CE9500D74727 /* Foundation.framework in Frameworks */ = {isa = PBXBuildFile; fileRef = C72806F81628CE9500D74727 /* Foundation.framework */; };
		C72806FB1628CE9500D74727 /* CoreGraphics.framework in Frameworks */ = {isa = PBXBuildFile; fileRef = C72806FA1628CE9500D74727 /* CoreGraphics.framework */; };
		C72807011628CE9500D74727 /* InfoPlist.strings in Resources */ = {isa = PBXBuildFile; fileRef = C72806FF1628CE9500D74727 /* InfoPlist.strings */; };
		C72807031628CE9500D74727 /* main.m in Sources */ = {isa = PBXBuildFile; fileRef = C72807021628CE9500D74727 /* main.m */; };
		C72807071628CE9500D74727 /* AppDelegate.m in Sources */ = {isa = PBXBuildFile; fileRef = C72807061628CE9500D74727 /* AppDelegate.m */; };
		C72807091628CE9500D74727 /* Default.png in Resources */ = {isa = PBXBuildFile; fileRef = C72807081628CE9500D74727 /* Default.png */; };
		C728070B1628CE9500D74727 /* Default@2x.png in Resources */ = {isa = PBXBuildFile; fileRef = C728070A1628CE9500D74727 /* Default@2x.png */; };
		C728070D1628CE9500D74727 /* Default-568h@2x.png in Resources */ = {isa = PBXBuildFile; fileRef = C728070C1628CE9500D74727 /* Default-568h@2x.png */; };
		C72807101628CE9500D74727 /* MainStoryboard.storyboard in Resources */ = {isa = PBXBuildFile; fileRef = C728070E1628CE9500D74727 /* MainStoryboard.storyboard */; };
		C73031BC162F6FAB002C744A /* stopwatch.png in Resources */ = {isa = PBXBuildFile; fileRef = C73031BB162F6FAB002C744A /* stopwatch.png */; };
		C739EAC116290855000E95CB /* RecipesViewController.m in Sources */ = {isa = PBXBuildFile; fileRef = C739EAC016290855000E95CB /* RecipesViewController.m */; };
		C739EAC5162908BB000E95CB /* Recipe.m in Sources */ = {isa = PBXBuildFile; fileRef = C739EAC4162908BB000E95CB /* Recipe.m */; };
		C7B5BDC71629B5AA002949B4 /* RecipeDetailViewController.m in Sources */ = {isa = PBXBuildFile; fileRef = C7B5BDC61629B5AA002949B4 /* RecipeDetailViewController.m */; };
		C7B6C769163C130E00FF60DA /* NSDate+TCUtils.m in Sources */ = {isa = PBXBuildFile; fileRef = C7B6C768163C130E00FF60DA /* NSDate+TCUtils.m */; };
		C7E5DB5D162DC7E200CF0F0D /* Timer.m in Sources */ = {isa = PBXBuildFile; fileRef = C7E5DB5C162DC7E200CF0F0D /* Timer.m */; };
		C7E5DB60162DC80B00CF0F0D /* TimerViewController.m in Sources */ = {isa = PBXBuildFile; fileRef = C7E5DB5F162DC80B00CF0F0D /* TimerViewController.m */; };
		C7F716721643DB7C00DCAB78 /* green_btn.png in Resources */ = {isa = PBXBuildFile; fileRef = C7F7166F1643DB7C00DCAB78 /* green_btn.png */; };
		C7F716731643DB7C00DCAB78 /* red_btn.png in Resources */ = {isa = PBXBuildFile; fileRef = C7F716701643DB7C00DCAB78 /* red_btn.png */; };
		C7F716741643DB7C00DCAB78 /* black_btn.png in Resources */ = {isa = PBXBuildFile; fileRef = C7F716711643DB7C00DCAB78 /* black_btn.png */; };
		C7F716771643DC6600DCAB78 /* gray_btn.png in Resources */ = {isa = PBXBuildFile; fileRef = C7F716761643DC6600DCAB78 /* gray_btn.png */; };
/* End PBXBuildFile section */

/* Begin PBXFileReference section */
		C70FE568164483F200548F09 /* AddHopsViewController.h */ = {isa = PBXFileReference; fileEncoding = 4; lastKnownFileType = sourcecode.c.h; path = AddHopsViewController.h; sourceTree = "<group>"; };
		C70FE569164483F200548F09 /* AddHopsViewController.m */ = {isa = PBXFileReference; fileEncoding = 4; lastKnownFileType = sourcecode.c.objc; path = AddHopsViewController.m; sourceTree = "<group>"; };
		C716EC3F162E310B0056FB09 /* background_image.png */ = {isa = PBXFileReference; lastKnownFileType = image.png; path = background_image.png; sourceTree = "<group>"; };
		C71E2649164DD6FB00573B05 /* hops.jpg */ = {isa = PBXFileReference; lastKnownFileType = image.jpeg; path = hops.jpg; sourceTree = "<group>"; };
		C72806F21628CE9500D74727 /* HomeBrewTimer.app */ = {isa = PBXFileReference; explicitFileType = wrapper.application; includeInIndex = 0; path = HomeBrewTimer.app; sourceTree = BUILT_PRODUCTS_DIR; };
		C72806F61628CE9500D74727 /* UIKit.framework */ = {isa = PBXFileReference; lastKnownFileType = wrapper.framework; name = UIKit.framework; path = System/Library/Frameworks/UIKit.framework; sourceTree = SDKROOT; };
		C72806F81628CE9500D74727 /* Foundation.framework */ = {isa = PBXFileReference; lastKnownFileType = wrapper.framework; name = Foundation.framework; path = System/Library/Frameworks/Foundation.framework; sourceTree = SDKROOT; };
		C72806FA1628CE9500D74727 /* CoreGraphics.framework */ = {isa = PBXFileReference; lastKnownFileType = wrapper.framework; name = CoreGraphics.framework; path = System/Library/Frameworks/CoreGraphics.framework; sourceTree = SDKROOT; };
		C72806FE1628CE9500D74727 /* HomeBrewTimer-Info.plist */ = {isa = PBXFileReference; lastKnownFileType = text.plist.xml; path = "HomeBrewTimer-Info.plist"; sourceTree = "<group>"; };
		C72807001628CE9500D74727 /* en */ = {isa = PBXFileReference; lastKnownFileType = text.plist.strings; name = en; path = en.lproj/InfoPlist.strings; sourceTree = "<group>"; };
		C72807021628CE9500D74727 /* main.m */ = {isa = PBXFileReference; lastKnownFileType = sourcecode.c.objc; path = main.m; sourceTree = "<group>"; };
		C72807041628CE9500D74727 /* HomeBrewTimer-Prefix.pch */ = {isa = PBXFileReference; lastKnownFileType = sourcecode.c.h; path = "HomeBrewTimer-Prefix.pch"; sourceTree = "<group>"; };
		C72807051628CE9500D74727 /* AppDelegate.h */ = {isa = PBXFileReference; lastKnownFileType = sourcecode.c.h; path = AppDelegate.h; sourceTree = "<group>"; };
		C72807061628CE9500D74727 /* AppDelegate.m */ = {isa = PBXFileReference; lastKnownFileType = sourcecode.c.objc; path = AppDelegate.m; sourceTree = "<group>"; };
		C72807081628CE9500D74727 /* Default.png */ = {isa = PBXFileReference; lastKnownFileType = image.png; path = Default.png; sourceTree = "<group>"; };
		C728070A1628CE9500D74727 /* Default@2x.png */ = {isa = PBXFileReference; lastKnownFileType = image.png; path = "Default@2x.png"; sourceTree = "<group>"; };
		C728070C1628CE9500D74727 /* Default-568h@2x.png */ = {isa = PBXFileReference; lastKnownFileType = image.png; path = "Default-568h@2x.png"; sourceTree = "<group>"; };
		C728070F1628CE9500D74727 /* en */ = {isa = PBXFileReference; lastKnownFileType = file.storyboard; name = en; path = en.lproj/MainStoryboard.storyboard; sourceTree = "<group>"; };
		C73031BB162F6FAB002C744A /* stopwatch.png */ = {isa = PBXFileReference; lastKnownFileType = image.png; path = stopwatch.png; sourceTree = "<group>"; };
		C739EABF16290855000E95CB /* RecipesViewController.h */ = {isa = PBXFileReference; fileEncoding = 4; lastKnownFileType = sourcecode.c.h; path = RecipesViewController.h; sourceTree = "<group>"; };
		C739EAC016290855000E95CB /* RecipesViewController.m */ = {isa = PBXFileReference; fileEncoding = 4; lastKnownFileType = sourcecode.c.objc; path = RecipesViewController.m; sourceTree = "<group>"; };
		C739EAC3162908BB000E95CB /* Recipe.h */ = {isa = PBXFileReference; fileEncoding = 4; lastKnownFileType = sourcecode.c.h; path = Recipe.h; sourceTree = "<group>"; };
		C739EAC4162908BB000E95CB /* Recipe.m */ = {isa = PBXFileReference; fileEncoding = 4; lastKnownFileType = sourcecode.c.objc; path = Recipe.m; sourceTree = "<group>"; };
		C7B5BDC51629B5AA002949B4 /* RecipeDetailViewController.h */ = {isa = PBXFileReference; fileEncoding = 4; lastKnownFileType = sourcecode.c.h; path = RecipeDetailViewController.h; sourceTree = "<group>"; };
		C7B5BDC61629B5AA002949B4 /* RecipeDetailViewController.m */ = {isa = PBXFileReference; fileEncoding = 4; lastKnownFileType = sourcecode.c.objc; path = RecipeDetailViewController.m; sourceTree = "<group>"; };
		C7B6C767163C130E00FF60DA /* NSDate+TCUtils.h */ = {isa = PBXFileReference; fileEncoding = 4; lastKnownFileType = sourcecode.c.h; path = "NSDate+TCUtils.h"; sourceTree = "<group>"; };
		C7B6C768163C130E00FF60DA /* NSDate+TCUtils.m */ = {isa = PBXFileReference; fileEncoding = 4; lastKnownFileType = sourcecode.c.objc; path = "NSDate+TCUtils.m"; sourceTree = "<group>"; };
		C7E5DB5B162DC7E200CF0F0D /* Timer.h */ = {isa = PBXFileReference; fileEncoding = 4; lastKnownFileType = sourcecode.c.h; path = Timer.h; sourceTree = "<group>"; };
		C7E5DB5C162DC7E200CF0F0D /* Timer.m */ = {isa = PBXFileReference; fileEncoding = 4; lastKnownFileType = sourcecode.c.objc; path = Timer.m; sourceTree = "<group>"; };
		C7E5DB5E162DC80B00CF0F0D /* TimerViewController.h */ = {isa = PBXFileReference; fileEncoding = 4; lastKnownFileType = sourcecode.c.h; path = TimerViewController.h; sourceTree = "<group>"; };
		C7E5DB5F162DC80B00CF0F0D /* TimerViewController.m */ = {isa = PBXFileReference; fileEncoding = 4; lastKnownFileType = sourcecode.c.objc; path = TimerViewController.m; sourceTree = "<group>"; };
		C7F7166F1643DB7C00DCAB78 /* green_btn.png */ = {isa = PBXFileReference; lastKnownFileType = image.png; path = green_btn.png; sourceTree = "<group>"; };
		C7F716701643DB7C00DCAB78 /* red_btn.png */ = {isa = PBXFileReference; lastKnownFileType = image.png; path = red_btn.png; sourceTree = "<group>"; };
		C7F716711643DB7C00DCAB78 /* black_btn.png */ = {isa = PBXFileReference; lastKnownFileType = image.png; path = black_btn.png; sourceTree = "<group>"; };
		C7F716761643DC6600DCAB78 /* gray_btn.png */ = {isa = PBXFileReference; lastKnownFileType = image.png; path = gray_btn.png; sourceTree = "<group>"; };
/* End PBXFileReference section */

/* Begin PBXFrameworksBuildPhase section */
		C72806EF1628CE9500D74727 /* Frameworks */ = {
			isa = PBXFrameworksBuildPhase;
			buildActionMask = 2147483647;
			files = (
				C72806F71628CE9500D74727 /* UIKit.framework in Frameworks */,
				C72806F91628CE9500D74727 /* Foundation.framework in Frameworks */,
				C72806FB1628CE9500D74727 /* CoreGraphics.framework in Frameworks */,
			);
			runOnlyForDeploymentPostprocessing = 0;
		};
/* End PBXFrameworksBuildPhase section */

/* Begin PBXGroup section */
		C72806E71628CE9400D74727 = {
			isa = PBXGroup;
			children = (
				C72806FC1628CE9500D74727 /* HomeBrewTimer */,
				C72806F51628CE9500D74727 /* Frameworks */,
				C72806F31628CE9500D74727 /* Products */,
			);
			sourceTree = "<group>";
		};
		C72806F31628CE9500D74727 /* Products */ = {
			isa = PBXGroup;
			children = (
				C72806F21628CE9500D74727 /* HomeBrewTimer.app */,
			);
			name = Products;
			sourceTree = "<group>";
		};
		C72806F51628CE9500D74727 /* Frameworks */ = {
			isa = PBXGroup;
			children = (
				C72806F61628CE9500D74727 /* UIKit.framework */,
				C72806F81628CE9500D74727 /* Foundation.framework */,
				C72806FA1628CE9500D74727 /* CoreGraphics.framework */,
			);
			name = Frameworks;
			sourceTree = "<group>";
		};
		C72806FC1628CE9500D74727 /* HomeBrewTimer */ = {
			isa = PBXGroup;
			children = (
				C7B6C761163C120300FF60DA /* Classes */,
				C7E5DB5E162DC80B00CF0F0D /* TimerViewController.h */,
				C7E5DB5F162DC80B00CF0F0D /* TimerViewController.m */,
				C72807051628CE9500D74727 /* AppDelegate.h */,
				C72807061628CE9500D74727 /* AppDelegate.m */,
				C728070E1628CE9500D74727 /* MainStoryboard.storyboard */,
				C70FE568164483F200548F09 /* AddHopsViewController.h */,
				C70FE569164483F200548F09 /* AddHopsViewController.m */,
				C7B6C76C163C140600FF60DA /* Recipe */,
				C72806FD1628CE9500D74727 /* Supporting Files */,
			);
			path = HomeBrewTimer;
			sourceTree = "<group>";
		};
		C72806FD1628CE9500D74727 /* Supporting Files */ = {
			isa = PBXGroup;
			children = (
				C71E2649164DD6FB00573B05 /* hops.jpg */,
				C7F7166F1643DB7C00DCAB78 /* green_btn.png */,
				C7F716761643DC6600DCAB78 /* gray_btn.png */,
				C7F716701643DB7C00DCAB78 /* red_btn.png */,
				C7F716711643DB7C00DCAB78 /* black_btn.png */,
				C7B6C767163C130E00FF60DA /* NSDate+TCUtils.h */,
				C7B6C768163C130E00FF60DA /* NSDate+TCUtils.m */,
				C73031BB162F6FAB002C744A /* stopwatch.png */,
				C716EC3F162E310B0056FB09 /* background_image.png */,
				C72806FE1628CE9500D74727 /* HomeBrewTimer-Info.plist */,
				C72806FF1628CE9500D74727 /* InfoPlist.strings */,
				C72807021628CE9500D74727 /* main.m */,
				C72807041628CE9500D74727 /* HomeBrewTimer-Prefix.pch */,
				C72807081628CE9500D74727 /* Default.png */,
				C728070A1628CE9500D74727 /* Default@2x.png */,
				C728070C1628CE9500D74727 /* Default-568h@2x.png */,
			);
			name = "Supporting Files";
			sourceTree = "<group>";
		};
		C7B6C761163C120300FF60DA /* Classes */ = {
			isa = PBXGroup;
			children = (
				C739EAC3162908BB000E95CB /* Recipe.h */,
				C7E5DB5B162DC7E200CF0F0D /* Timer.h */,
				C7E5DB5C162DC7E200CF0F0D /* Timer.m */,
				C739EAC4162908BB000E95CB /* Recipe.m */,
			);
			name = Classes;
			sourceTree = "<group>";
		};
		C7B6C76C163C140600FF60DA /* Recipe */ = {
			isa = PBXGroup;
			children = (
				C7B5BDC51629B5AA002949B4 /* RecipeDetailViewController.h */,
				C7B5BDC61629B5AA002949B4 /* RecipeDetailViewController.m */,
				C739EABF16290855000E95CB /* RecipesViewController.h */,
				C739EAC016290855000E95CB /* RecipesViewController.m */,
			);
			name = Recipe;
			sourceTree = "<group>";
		};
/* End PBXGroup section */

/* Begin PBXNativeTarget section */
		C72806F11628CE9500D74727 /* HomeBrewTimer */ = {
			isa = PBXNativeTarget;
			buildConfigurationList = C72807211628CE9500D74727 /* Build configuration list for PBXNativeTarget "HomeBrewTimer" */;
			buildPhases = (
				C72806EE1628CE9500D74727 /* Sources */,
				C72806EF1628CE9500D74727 /* Frameworks */,
				C72806F01628CE9500D74727 /* Resources */,
			);
			buildRules = (
			);
			dependencies = (
			);
			name = HomeBrewTimer;
			productName = HomeBrewTimer;
			productReference = C72806F21628CE9500D74727 /* HomeBrewTimer.app */;
			productType = "com.apple.product-type.application";
		};
/* End PBXNativeTarget section */

/* Begin PBXProject section */
		C72806E91628CE9400D74727 /* Project object */ = {
			isa = PBXProject;
			attributes = {
				LastUpgradeCheck = 0450;
				ORGANIZATIONNAME = RTB;
			};
			buildConfigurationList = C72806EC1628CE9400D74727 /* Build configuration list for PBXProject "HomeBrewTimer" */;
			compatibilityVersion = "Xcode 3.2";
			developmentRegion = English;
			hasScannedForEncodings = 0;
			knownRegions = (
				en,
			);
			mainGroup = C72806E71628CE9400D74727;
			productRefGroup = C72806F31628CE9500D74727 /* Products */;
			projectDirPath = "";
			projectRoot = "";
			targets = (
				C72806F11628CE9500D74727 /* HomeBrewTimer */,
			);
		};
/* End PBXProject section */

/* Begin PBXResourcesBuildPhase section */
		C72806F01628CE9500D74727 /* Resources */ = {
			isa = PBXResourcesBuildPhase;
			buildActionMask = 2147483647;
			files = (
				C72807011628CE9500D74727 /* InfoPlist.strings in Resources */,
				C72807091628CE9500D74727 /* Default.png in Resources */,
				C728070B1628CE9500D74727 /* Default@2x.png in Resources */,
				C728070D1628CE9500D74727 /* Default-568h@2x.png in Resources */,
				C72807101628CE9500D74727 /* MainStoryboard.storyboard in Resources */,
				C716EC40162E310B0056FB09 /* background_image.png in Resources */,
				C73031BC162F6FAB002C744A /* stopwatch.png in Resources */,
				C7F716721643DB7C00DCAB78 /* green_btn.png in Resources */,
				C7F716731643DB7C00DCAB78 /* red_btn.png in Resources */,
				C7F716741643DB7C00DCAB78 /* black_btn.png in Resources */,
				C7F716771643DC6600DCAB78 /* gray_btn.png in Resources */,
				C71E264A164DD6FB00573B05 /* hops.jpg in Resources */,
			);
			runOnlyForDeploymentPostprocessing = 0;
		};
/* End PBXResourcesBuildPhase section */

/* Begin PBXSourcesBuildPhase section */
		C72806EE1628CE9500D74727 /* Sources */ = {
			isa = PBXSourcesBuildPhase;
			buildActionMask = 2147483647;
			files = (
				C72807031628CE9500D74727 /* main.m in Sources */,
				C72807071628CE9500D74727 /* AppDelegate.m in Sources */,
				C739EAC116290855000E95CB /* RecipesViewController.m in Sources */,
				C739EAC5162908BB000E95CB /* Recipe.m in Sources */,
				C7B5BDC71629B5AA002949B4 /* RecipeDetailViewController.m in Sources */,
				C7E5DB5D162DC7E200CF0F0D /* Timer.m in Sources */,
				C7E5DB60162DC80B00CF0F0D /* TimerViewController.m in Sources */,
				C7B6C769163C130E00FF60DA /* NSDate+TCUtils.m in Sources */,
				C70FE56A164483F200548F09 /* AddHopsViewController.m in Sources */,
			);
			runOnlyForDeploymentPostprocessing = 0;
		};
/* End PBXSourcesBuildPhase section */

/* Begin PBXVariantGroup section */
		C72806FF1628CE9500D74727 /* InfoPlist.strings */ = {
			isa = PBXVariantGroup;
			children = (
				C72807001628CE9500D74727 /* en */,
			);
			name = InfoPlist.strings;
			sourceTree = "<group>";
		};
		C728070E1628CE9500D74727 /* MainStoryboard.storyboard */ = {
			isa = PBXVariantGroup;
			children = (
				C728070F1628CE9500D74727 /* en */,
			);
			name = MainStoryboard.storyboard;
			sourceTree = "<group>";
		};
/* End PBXVariantGroup section */

/* Begin XCBuildConfiguration section */
		C728071F1628CE9500D74727 /* Debug */ = {
			isa = XCBuildConfiguration;
			buildSettings = {
				ALWAYS_SEARCH_USER_PATHS = NO;
				CLANG_CXX_LANGUAGE_STANDARD = "gnu++0x";
				CLANG_CXX_LIBRARY = "libc++";
				CLANG_ENABLE_OBJC_ARC = NO;
				CLANG_WARN_EMPTY_BODY = YES;
				CLANG_WARN__DUPLICATE_METHOD_MATCH = YES;
				"CODE_SIGN_IDENTITY[sdk=iphoneos*]" = "iPhone Developer";
				COPY_PHASE_STRIP = NO;
				GCC_C_LANGUAGE_STANDARD = gnu99;
				GCC_DYNAMIC_NO_PIC = NO;
				GCC_OPTIMIZATION_LEVEL = 0;
				GCC_PREPROCESSOR_DEFINITIONS = (
					"DEBUG=1",
					"$(inherited)",
				);
				GCC_SYMBOLS_PRIVATE_EXTERN = NO;
				GCC_WARN_ABOUT_RETURN_TYPE = YES;
				GCC_WARN_UNINITIALIZED_AUTOS = YES;
				GCC_WARN_UNUSED_VARIABLE = YES;
				IPHONEOS_DEPLOYMENT_TARGET = 6.0;
				ONLY_ACTIVE_ARCH = YES;
				SDKROOT = iphoneos;
			};
			name = Debug;
		};
		C72807201628CE9500D74727 /* Release */ = {
			isa = XCBuildConfiguration;
			buildSettings = {
				ALWAYS_SEARCH_USER_PATHS = NO;
				CLANG_CXX_LANGUAGE_STANDARD = "gnu++0x";
				CLANG_CXX_LIBRARY = "libc++";
				CLANG_ENABLE_OBJC_ARC = NO;
				CLANG_WARN_EMPTY_BODY = YES;
				CLANG_WARN__DUPLICATE_METHOD_MATCH = YES;
				"CODE_SIGN_IDENTITY[sdk=iphoneos*]" = "iPhone Developer";
				COPY_PHASE_STRIP = YES;
				GCC_C_LANGUAGE_STANDARD = gnu99;
				GCC_WARN_ABOUT_RETURN_TYPE = YES;
				GCC_WARN_UNINITIALIZED_AUTOS = YES;
				GCC_WARN_UNUSED_VARIABLE = YES;
				IPHONEOS_DEPLOYMENT_TARGET = 6.0;
				OTHER_CFLAGS = "-DNS_BLOCK_ASSERTIONS=1";
				SDKROOT = iphoneos;
				VALIDATE_PRODUCT = YES;
			};
			name = Release;
		};
		C72807221628CE9500D74727 /* Debug */ = {
			isa = XCBuildConfiguration;
			buildSettings = {
				GCC_PRECOMPILE_PREFIX_HEADER = YES;
				GCC_PREFIX_HEADER = "HomeBrewTimer/HomeBrewTimer-Prefix.pch";
				INFOPLIST_FILE = "HomeBrewTimer/HomeBrewTimer-Info.plist";
				PRODUCT_NAME = "$(TARGET_NAME)";
				WRAPPER_EXTENSION = app;
			};
			name = Debug;
		};
		C72807231628CE9500D74727 /* Release */ = {
			isa = XCBuildConfiguration;
			buildSettings = {
				GCC_PRECOMPILE_PREFIX_HEADER = YES;
				GCC_PREFIX_HEADER = "HomeBrewTimer/HomeBrewTimer-Prefix.pch";
				INFOPLIST_FILE = "HomeBrewTimer/HomeBrewTimer-Info.plist";
				PRODUCT_NAME = "$(TARGET_NAME)";
				WRAPPER_EXTENSION = app;
			};
			name = Release;
		};
/* End XCBuildConfiguration section */

/* Begin XCConfigurationList section */
		C72806EC1628CE9400D74727 /* Build configuration list for PBXProject "HomeBrewTimer" */ = {
			isa = XCConfigurationList;
			buildConfigurations = (
				C728071F1628CE9500D74727 /* Debug */,
				C72807201628CE9500D74727 /* Release */,
			);
			defaultConfigurationIsVisible = 0;
			defaultConfigurationName = Release;
		};
		C72807211628CE9500D74727 /* Build configuration list for PBXNativeTarget "HomeBrewTimer" */ = {
			isa = XCConfigurationList;
			buildConfigurations = (
				C72807221628CE9500D74727 /* Debug */,
				C72807231628CE9500D74727 /* Release */,
			);
			defaultConfigurationIsVisible = 0;
			defaultConfigurationName = Release;
		};
/* End XCConfigurationList section */
	};
	rootObject = C72806E91628CE9400D74727 /* Project object */;
}
